
Microsoft Visual Studio Solution File, Format Version 12.00
# Visual Studio Version 17
VisualStudioVersion = 17.11.35327.3
MinimumVisualStudioVersion = 10.0.40219.1
Project("{FAE04EC0-301F-11D3-BF4B-00C04F79EFBC}") = "HortaManager.Presentation", "HortaManager.Presentation\HortaManager.Presentation.csproj", "{B57D0BE8-7B0C-4D11-A288-A0E8D14EFF9D}"
EndProject
Project("{FAE04EC0-301F-11D3-BF4B-00C04F79EFBC}") = "HortaManager.Application", "HortaManager.Application\HortaManager.Application.csproj", "{B3582521-C742-456D-9BDE-ACCCD9B04E3F}"
EndProject
Project("{FAE04EC0-301F-11D3-BF4B-00C04F79EFBC}") = "HortaManager.Domain", "HortaManager.Domain\HortaManager.Domain.csproj", "{A05B8F6D-5463-4266-BC42-1B9C4E49132B}"
EndProject
Project("{FAE04EC0-301F-11D3-BF4B-00C04F79EFBC}") = "HortaManager.Infrastructure", "HortaManager.Infrastructure\HortaManager.Infrastructure.csproj", "{419B64F8-8924-40E6-8490-CC771E43FEE0}"
EndProject
Global
	GlobalSection(SolutionConfigurationPlatforms) = preSolution
		Debug|Any CPU = Debug|Any CPU
		Release|Any CPU = Release|Any CPU
	EndGlobalSection
	GlobalSection(ProjectConfigurationPlatforms) = postSolution
		{B57D0BE8-7B0C-4D11-A288-A0E8D14EFF9D}.Debug|Any CPU.ActiveCfg = Debug|Any CPU
		{B57D0BE8-7B0C-4D11-A288-A0E8D14EFF9D}.Debug|Any CPU.Build.0 = Debug|Any CPU
		{B57D0BE8-7B0C-4D11-A288-A0E8D14EFF9D}.Release|Any CPU.ActiveCfg = Release|Any CPU
		{B57D0BE8-7B0C-4D11-A288-A0E8D14EFF9D}.Release|Any CPU.Build.0 = Release|Any CPU
		{B3582521-C742-456D-9BDE-ACCCD9B04E3F}.Debug|Any CPU.ActiveCfg = Debug|Any CPU
		{B3582521-C742-456D-9BDE-ACCCD9B04E3F}.Debug|Any CPU.Build.0 = Debug|Any CPU
		{B3582521-C742-456D-9BDE-ACCCD9B04E3F}.Release|Any CPU.ActiveCfg = Release|Any CPU
		{B3582521-C742-456D-9BDE-ACCCD9B04E3F}.Release|Any CPU.Build.0 = Release|Any CPU
		{A05B8F6D-5463-4266-BC42-1B9C4E49132B}.Debug|Any CPU.ActiveCfg = Debug|Any CPU
		{A05B8F6D-5463-4266-BC42-1B9C4E49132B}.Debug|Any CPU.Build.0 = Debug|Any CPU
		{A05B8F6D-5463-4266-BC42-1B9C4E49132B}.Release|Any CPU.ActiveCfg = Release|Any CPU
		{A05B8F6D-5463-4266-BC42-1B9C4E49132B}.Release|Any CPU.Build.0 = Release|Any CPU
		{419B64F8-8924-40E6-8490-CC771E43FEE0}.Debug|Any CPU.ActiveCfg = Debug|Any CPU
		{419B64F8-8924-40E6-8490-CC771E43FEE0}.Debug|Any CPU.Build.0 = Debug|Any CPU
		{419B64F8-8924-40E6-8490-CC771E43FEE0}.Release|Any CPU.ActiveCfg = Release|Any CPU
		{419B64F8-8924-40E6-8490-CC771E43FEE0}.Release|Any CPU.Build.0 = Release|Any CPU
	EndGlobalSection
	GlobalSection(SolutionProperties) = preSolution
		HideSolutionNode = FALSE
	EndGlobalSection
	GlobalSection(ExtensibilityGlobals) = postSolution
		SolutionGuid = {10454707-B464-4AFB-8366-6843A668CA18}
	EndGlobalSection
EndGlobal
